// !$*UTF8*$!
{
	archiveVersion = 1;
	classes = {
	};
	objectVersion = 46;
	objects = {

/* Begin PBXBuildFile section */
		1FF19C5618D231A400B5FAB2 /* Foundation.framework in Frameworks */ = {isa = PBXBuildFile; fileRef = 1FF19C5518D231A400B5FAB2 /* Foundation.framework */; };
		1FF19C5818D231A500B5FAB2 /* CoreGraphics.framework in Frameworks */ = {isa = PBXBuildFile; fileRef = 1FF19C5718D231A500B5FAB2 /* CoreGraphics.framework */; };
		1FF19C5A18D231A500B5FAB2 /* UIKit.framework in Frameworks */ = {isa = PBXBuildFile; fileRef = 1FF19C5918D231A500B5FAB2 /* UIKit.framework */; };
		1FF19C6018D231A500B5FAB2 /* InfoPlist.strings in Resources */ = {isa = PBXBuildFile; fileRef = 1FF19C5E18D231A500B5FAB2 /* InfoPlist.strings */; };
		1FF19C6218D231A500B5FAB2 /* main.m in Sources */ = {isa = PBXBuildFile; fileRef = 1FF19C6118D231A500B5FAB2 /* main.m */; };
		1FF19C6618D231A500B5FAB2 /* JBAppDelegate.m in Sources */ = {isa = PBXBuildFile; fileRef = 1FF19C6518D231A500B5FAB2 /* JBAppDelegate.m */; };
		1FF19C6918D231A500B5FAB2 /* Main.storyboard in Resources */ = {isa = PBXBuildFile; fileRef = 1FF19C6718D231A500B5FAB2 /* Main.storyboard */; };
		1FF19C6C18D231A500B5FAB2 /* JBViewController.m in Sources */ = {isa = PBXBuildFile; fileRef = 1FF19C6B18D231A500B5FAB2 /* JBViewController.m */; };
		1FF19C6E18D231A500B5FAB2 /* Images.xcassets in Resources */ = {isa = PBXBuildFile; fileRef = 1FF19C6D18D231A500B5FAB2 /* Images.xcassets */; };
		1FF19C7518D231A500B5FAB2 /* XCTest.framework in Frameworks */ = {isa = PBXBuildFile; fileRef = 1FF19C7418D231A500B5FAB2 /* XCTest.framework */; };
		1FF19C7618D231A500B5FAB2 /* Foundation.framework in Frameworks */ = {isa = PBXBuildFile; fileRef = 1FF19C5518D231A400B5FAB2 /* Foundation.framework */; };
		1FF19C7718D231A500B5FAB2 /* UIKit.framework in Frameworks */ = {isa = PBXBuildFile; fileRef = 1FF19C5918D231A500B5FAB2 /* UIKit.framework */; };
		1FF19C7F18D231A500B5FAB2 /* InfoPlist.strings in Resources */ = {isa = PBXBuildFile; fileRef = 1FF19C7D18D231A500B5FAB2 /* InfoPlist.strings */; };
		1FF19C8118D231A500B5FAB2 /* APIExplorerTests.m in Sources */ = {isa = PBXBuildFile; fileRef = 1FF19C8018D231A500B5FAB2 /* APIExplorerTests.m */; };
/* End PBXBuildFile section */

/* Begin PBXContainerItemProxy section */
		1FF19C7818D231A500B5FAB2 /* PBXContainerItemProxy */ = {
			isa = PBXContainerItemProxy;
			containerPortal = 1FF19C4A18D231A400B5FAB2 /* Project object */;
			proxyType = 1;
			remoteGlobalIDString = 1FF19C5118D231A400B5FAB2;
			remoteInfo = APIExplorer;
		};
/* End PBXContainerItemProxy section */

/* Begin PBXFileReference section */
		1FF19C5218D231A400B5FAB2 /* APIExplorer.app */ = {isa = PBXFileReference; explicitFileType = wrapper.application; includeInIndex = 0; path = APIExplorer.app; sourceTree = BUILT_PRODUCTS_DIR; };
		1FF19C5518D231A400B5FAB2 /* Foundation.framework */ = {isa = PBXFileReference; lastKnownFileType = wrapper.framework; name = Foundation.framework; path = System/Library/Frameworks/Foundation.framework; sourceTree = SDKROOT; };
		1FF19C5718D231A500B5FAB2 /* CoreGraphics.framework */ = {isa = PBXFileReference; lastKnownFileType = wrapper.framework; name = CoreGraphics.framework; path = System/Library/Frameworks/CoreGraphics.framework; sourceTree = SDKROOT; };
		1FF19C5918D231A500B5FAB2 /* UIKit.framework */ = {isa = PBXFileReference; lastKnownFileType = wrapper.framework; name = UIKit.framework; path = System/Library/Frameworks/UIKit.framework; sourceTree = SDKROOT; };
		1FF19C5D18D231A500B5FAB2 /* APIExplorer-Info.plist */ = {isa = PBXFileReference; lastKnownFileType = text.plist.xml; path = "APIExplorer-Info.plist"; sourceTree = "<group>"; };
		1FF19C5F18D231A500B5FAB2 /* en */ = {isa = PBXFileReference; lastKnownFileType = text.plist.strings; name = en; path = en.lproj/InfoPlist.strings; sourceTree = "<group>"; };
		1FF19C6118D231A500B5FAB2 /* main.m */ = {isa = PBXFileReference; lastKnownFileType = sourcecode.c.objc; path = main.m; sourceTree = "<group>"; };
		1FF19C6318D231A500B5FAB2 /* APIExplorer-Prefix.pch */ = {isa = PBXFileReference; lastKnownFileType = sourcecode.c.h; path = "APIExplorer-Prefix.pch"; sourceTree = "<group>"; };
		1FF19C6418D231A500B5FAB2 /* JBAppDelegate.h */ = {isa = PBXFileReference; lastKnownFileType = sourcecode.c.h; path = JBAppDelegate.h; sourceTree = "<group>"; };
		1FF19C6518D231A500B5FAB2 /* JBAppDelegate.m */ = {isa = PBXFileReference; lastKnownFileType = sourcecode.c.objc; path = JBAppDelegate.m; sourceTree = "<group>"; };
		1FF19C6818D231A500B5FAB2 /* Base */ = {isa = PBXFileReference; lastKnownFileType = file.storyboard; name = Base; path = Base.lproj/Main.storyboard; sourceTree = "<group>"; };
		1FF19C6A18D231A500B5FAB2 /* JBViewController.h */ = {isa = PBXFileReference; lastKnownFileType = sourcecode.c.h; path = JBViewController.h; sourceTree = "<group>"; };
		1FF19C6B18D231A500B5FAB2 /* JBViewController.m */ = {isa = PBXFileReference; lastKnownFileType = sourcecode.c.objc; path = JBViewController.m; sourceTree = "<group>"; };
		1FF19C6D18D231A500B5FAB2 /* Images.xcassets */ = {isa = PBXFileReference; lastKnownFileType = folder.assetcatalog; path = Images.xcassets; sourceTree = "<group>"; };
		1FF19C7318D231A500B5FAB2 /* APIExplorerTests.xctest */ = {isa = PBXFileReference; explicitFileType = wrapper.cfbundle; includeInIndex = 0; path = APIExplorerTests.xctest; sourceTree = BUILT_PRODUCTS_DIR; };
		1FF19C7418D231A500B5FAB2 /* XCTest.framework */ = {isa = PBXFileReference; lastKnownFileType = wrapper.framework; name = XCTest.framework; path = Library/Frameworks/XCTest.framework; sourceTree = DEVELOPER_DIR; };
		1FF19C7C18D231A500B5FAB2 /* APIExplorerTests-Info.plist */ = {isa = PBXFileReference; lastKnownFileType = text.plist.xml; path = "APIExplorerTests-Info.plist"; sourceTree = "<group>"; };
		1FF19C7E18D231A500B5FAB2 /* en */ = {isa = PBXFileReference; lastKnownFileType = text.plist.strings; name = en; path = en.lproj/InfoPlist.strings; sourceTree = "<group>"; };
		1FF19C8018D231A500B5FAB2 /* APIExplorerTests.m */ = {isa = PBXFileReference; lastKnownFileType = sourcecode.c.objc; path = APIExplorerTests.m; sourceTree = "<group>"; };
/* End PBXFileReference section */

/* Begin PBXFrameworksBuildPhase section */
		1FF19C4F18D231A400B5FAB2 /* Frameworks */ = {
			isa = PBXFrameworksBuildPhase;
			buildActionMask = 2147483647;
			files = (
				1FF19C5818D231A500B5FAB2 /* CoreGraphics.framework in Frameworks */,
				1FF19C5A18D231A500B5FAB2 /* UIKit.framework in Frameworks */,
				1FF19C5618D231A400B5FAB2 /* Foundation.framework in Frameworks */,
			);
			runOnlyForDeploymentPostprocessing = 0;
		};
		1FF19C7018D231A500B5FAB2 /* Frameworks */ = {
			isa = PBXFrameworksBuildPhase;
			buildActionMask = 2147483647;
			files = (
				1FF19C7518D231A500B5FAB2 /* XCTest.framework in Frameworks */,
				1FF19C7718D231A500B5FAB2 /* UIKit.framework in Frameworks */,
				1FF19C7618D231A500B5FAB2 /* Foundation.framework in Frameworks */,
			);
			runOnlyForDeploymentPostprocessing = 0;
		};
/* End PBXFrameworksBuildPhase section */

/* Begin PBXGroup section */
		1FF19C4918D231A400B5FAB2 = {
			isa = PBXGroup;
			children = (
				1FF19C5B18D231A500B5FAB2 /* APIExplorer */,
				1FF19C7A18D231A500B5FAB2 /* APIExplorerTests */,
				1FF19C5418D231A400B5FAB2 /* Frameworks */,
				1FF19C5318D231A400B5FAB2 /* Products */,
			);
			sourceTree = "<group>";
		};
		1FF19C5318D231A400B5FAB2 /* Products */ = {
			isa = PBXGroup;
			children = (
				1FF19C5218D231A400B5FAB2 /* APIExplorer.app */,
				1FF19C7318D231A500B5FAB2 /* APIExplorerTests.xctest */,
			);
			name = Products;
			sourceTree = "<group>";
		};
		1FF19C5418D231A400B5FAB2 /* Frameworks */ = {
			isa = PBXGroup;
			children = (
				1FF19C5518D231A400B5FAB2 /* Foundation.framework */,
				1FF19C5718D231A500B5FAB2 /* CoreGraphics.framework */,
				1FF19C5918D231A500B5FAB2 /* UIKit.framework */,
				1FF19C7418D231A500B5FAB2 /* XCTest.framework */,
			);
			name = Frameworks;
			sourceTree = "<group>";
		};
		1FF19C5B18D231A500B5FAB2 /* APIExplorer */ = {
			isa = PBXGroup;
			children = (
				1FF19C6418D231A500B5FAB2 /* JBAppDelegate.h */,
				1FF19C6518D231A500B5FAB2 /* JBAppDelegate.m */,
				1FF19C6718D231A500B5FAB2 /* Main.storyboard */,
				1FF19C6A18D231A500B5FAB2 /* JBViewController.h */,
				1FF19C6B18D231A500B5FAB2 /* JBViewController.m */,
				1FF19C6D18D231A500B5FAB2 /* Images.xcassets */,
				1FF19C5C18D231A500B5FAB2 /* Supporting Files */,
			);
			path = APIExplorer;
			sourceTree = "<group>";
		};
		1FF19C5C18D231A500B5FAB2 /* Supporting Files */ = {
			isa = PBXGroup;
			children = (
				1FF19C5D18D231A500B5FAB2 /* APIExplorer-Info.plist */,
				1FF19C5E18D231A500B5FAB2 /* InfoPlist.strings */,
				1FF19C6118D231A500B5FAB2 /* main.m */,
				1FF19C6318D231A500B5FAB2 /* APIExplorer-Prefix.pch */,
			);
			name = "Supporting Files";
			sourceTree = "<group>";
		};
		1FF19C7A18D231A500B5FAB2 /* APIExplorerTests */ = {
			isa = PBXGroup;
			children = (
				1FF19C8018D231A500B5FAB2 /* APIExplorerTests.m */,
				1FF19C7B18D231A500B5FAB2 /* Supporting Files */,
			);
			path = APIExplorerTests;
			sourceTree = "<group>";
		};
		1FF19C7B18D231A500B5FAB2 /* Supporting Files */ = {
			isa = PBXGroup;
			children = (
				1FF19C7C18D231A500B5FAB2 /* APIExplorerTests-Info.plist */,
				1FF19C7D18D231A500B5FAB2 /* InfoPlist.strings */,
			);
			name = "Supporting Files";
			sourceTree = "<group>";
		};
/* End PBXGroup section */

/* Begin PBXNativeTarget section */
		1FF19C5118D231A400B5FAB2 /* APIExplorer */ = {
			isa = PBXNativeTarget;
			buildConfigurationList = 1FF19C8418D231A500B5FAB2 /* Build configuration list for PBXNativeTarget "APIExplorer" */;
			buildPhases = (
				1FF19C4E18D231A400B5FAB2 /* Sources */,
				1FF19C4F18D231A400B5FAB2 /* Frameworks */,
				1FF19C5018D231A400B5FAB2 /* Resources */,
			);
			buildRules = (
			);
			dependencies = (
			);
			name = APIExplorer;
			productName = APIExplorer;
			productReference = 1FF19C5218D231A400B5FAB2 /* APIExplorer.app */;
			productType = "com.apple.product-type.application";
		};
		1FF19C7218D231A500B5FAB2 /* APIExplorerTests */ = {
			isa = PBXNativeTarget;
			buildConfigurationList = 1FF19C8718D231A500B5FAB2 /* Build configuration list for PBXNativeTarget "APIExplorerTests" */;
			buildPhases = (
				1FF19C6F18D231A500B5FAB2 /* Sources */,
				1FF19C7018D231A500B5FAB2 /* Frameworks */,
				1FF19C7118D231A500B5FAB2 /* Resources */,
			);
			buildRules = (
			);
			dependencies = (
				1FF19C7918D231A500B5FAB2 /* PBXTargetDependency */,
			);
			name = APIExplorerTests;
			productName = APIExplorerTests;
			productReference = 1FF19C7318D231A500B5FAB2 /* APIExplorerTests.xctest */;
			productType = "com.apple.product-type.bundle.unit-test";
		};
/* End PBXNativeTarget section */

/* Begin PBXProject section */
		1FF19C4A18D231A400B5FAB2 /* Project object */ = {
			isa = PBXProject;
			attributes = {
				CLASSPREFIX = JB;
				LastUpgradeCheck = 0510;
				ORGANIZATIONNAME = Jawbone;
				TargetAttributes = {
					1FF19C7218D231A500B5FAB2 = {
						TestTargetID = 1FF19C5118D231A400B5FAB2;
					};
				};
			};
			buildConfigurationList = 1FF19C4D18D231A400B5FAB2 /* Build configuration list for PBXProject "APIExplorer" */;
			compatibilityVersion = "Xcode 3.2";
			developmentRegion = English;
			hasScannedForEncodings = 0;
			knownRegions = (
				en,
				Base,
			);
			mainGroup = 1FF19C4918D231A400B5FAB2;
			productRefGroup = 1FF19C5318D231A400B5FAB2 /* Products */;
			projectDirPath = "";
			projectRoot = "";
			targets = (
				1FF19C5118D231A400B5FAB2 /* APIExplorer */,
				1FF19C7218D231A500B5FAB2 /* APIExplorerTests */,
			);
		};
/* End PBXProject section */

/* Begin PBXResourcesBuildPhase section */
		1FF19C5018D231A400B5FAB2 /* Resources */ = {
			isa = PBXResourcesBuildPhase;
			buildActionMask = 2147483647;
			files = (
				1FF19C6E18D231A500B5FAB2 /* Images.xcassets in Resources */,
				1FF19C6018D231A500B5FAB2 /* InfoPlist.strings in Resources */,
				1FF19C6918D231A500B5FAB2 /* Main.storyboard in Resources */,
			);
			runOnlyForDeploymentPostprocessing = 0;
		};
		1FF19C7118D231A500B5FAB2 /* Resources */ = {
			isa = PBXResourcesBuildPhase;
			buildActionMask = 2147483647;
			files = (
				1FF19C7F18D231A500B5FAB2 /* InfoPlist.strings in Resources */,
			);
			runOnlyForDeploymentPostprocessing = 0;
		};
/* End PBXResourcesBuildPhase section */

/* Begin PBXSourcesBuildPhase section */
		1FF19C4E18D231A400B5FAB2 /* Sources */ = {
			isa = PBXSourcesBuildPhase;
			buildActionMask = 2147483647;
			files = (
				1FF19C6618D231A500B5FAB2 /* JBAppDelegate.m in Sources */,
				1FF19C6C18D231A500B5FAB2 /* JBViewController.m in Sources */,
				1FF19C6218D231A500B5FAB2 /* main.m in Sources */,
			);
			runOnlyForDeploymentPostprocessing = 0;
		};
		1FF19C6F18D231A500B5FAB2 /* Sources */ = {
			isa = PBXSourcesBuildPhase;
			buildActionMask = 2147483647;
			files = (
				1FF19C8118D231A500B5FAB2 /* APIExplorerTests.m in Sources */,
			);
			runOnlyForDeploymentPostprocessing = 0;
		};
/* End PBXSourcesBuildPhase section */

/* Begin PBXTargetDependency section */
		1FF19C7918D231A500B5FAB2 /* PBXTargetDependency */ = {
			isa = PBXTargetDependency;
			target = 1FF19C5118D231A400B5FAB2 /* APIExplorer */;
			targetProxy = 1FF19C7818D231A500B5FAB2 /* PBXContainerItemProxy */;
		};
/* End PBXTargetDependency section */

/* Begin PBXVariantGroup section */
		1FF19C5E18D231A500B5FAB2 /* InfoPlist.strings */ = {
			isa = PBXVariantGroup;
			children = (
				1FF19C5F18D231A500B5FAB2 /* en */,
			);
			name = InfoPlist.strings;
			sourceTree = "<group>";
		};
		1FF19C6718D231A500B5FAB2 /* Main.storyboard */ = {
			isa = PBXVariantGroup;
			children = (
				1FF19C6818D231A500B5FAB2 /* Base */,
			);
			name = Main.storyboard;
			sourceTree = "<group>";
		};
		1FF19C7D18D231A500B5FAB2 /* InfoPlist.strings */ = {
			isa = PBXVariantGroup;
			children = (
				1FF19C7E18D231A500B5FAB2 /* en */,
			);
			name = InfoPlist.strings;
			sourceTree = "<group>";
		};
/* End PBXVariantGroup section */

/* Begin XCBuildConfiguration section */
		1FF19C8218D231A500B5FAB2 /* Debug */ = {
			isa = XCBuildConfiguration;
			buildSettings = {
				ALWAYS_SEARCH_USER_PATHS = NO;
				CLANG_CXX_LANGUAGE_STANDARD = "gnu++0x";
				CLANG_CXX_LIBRARY = "libc++";
				CLANG_ENABLE_MODULES = YES;
				CLANG_ENABLE_OBJC_ARC = YES;
				CLANG_WARN_BOOL_CONVERSION = YES;
				CLANG_WARN_CONSTANT_CONVERSION = YES;
				CLANG_WARN_DIRECT_OBJC_ISA_USAGE = YES_ERROR;
				CLANG_WARN_EMPTY_BODY = YES;
				CLANG_WARN_ENUM_CONVERSION = YES;
				CLANG_WARN_INT_CONVERSION = YES;
				CLANG_WARN_OBJC_ROOT_CLASS = YES_ERROR;
				CLANG_WARN__DUPLICATE_METHOD_MATCH = YES;
				"CODE_SIGN_IDENTITY[sdk=iphoneos*]" = "iPhone Developer";
				COPY_PHASE_STRIP = NO;
				GCC_C_LANGUAGE_STANDARD = gnu99;
				GCC_DYNAMIC_NO_PIC = NO;
				GCC_OPTIMIZATION_LEVEL = 0;
				GCC_PREPROCESSOR_DEFINITIONS = (
					"DEBUG=1",
					"$(inherited)",
				);
				GCC_SYMBOLS_PRIVATE_EXTERN = NO;
				GCC_WARN_64_TO_32_BIT_CONVERSION = YES;
				GCC_WARN_ABOUT_RETURN_TYPE = YES_ERROR;
				GCC_WARN_UNDECLARED_SELECTOR = YES;
				GCC_WARN_UNINITIALIZED_AUTOS = YES_AGGRESSIVE;
				GCC_WARN_UNUSED_FUNCTION = YES;
				GCC_WARN_UNUSED_VARIABLE = YES;
				IPHONEOS_DEPLOYMENT_TARGET = 7.1;
				ONLY_ACTIVE_ARCH = YES;
				SDKROOT = iphoneos;
			};
			name = Debug;
		};
		1FF19C8318D231A500B5FAB2 /* Release */ = {
			isa = XCBuildConfiguration;
			buildSettings = {
				ALWAYS_SEARCH_USER_PATHS = NO;
				CLANG_CXX_LANGUAGE_STANDARD = "gnu++0x";
				CLANG_CXX_LIBRARY = "libc++";
				CLANG_ENABLE_MODULES = YES;
				CLANG_ENABLE_OBJC_ARC = YES;
				CLANG_WARN_BOOL_CONVERSION = YES;
				CLANG_WARN_CONSTANT_CONVERSION = YES;
				CLANG_WARN_DIRECT_OBJC_ISA_USAGE = YES_ERROR;
				CLANG_WARN_EMPTY_BODY = YES;
				CLANG_WARN_ENUM_CONVERSION = YES;
				CLANG_WARN_INT_CONVERSION = YES;
				CLANG_WARN_OBJC_ROOT_CLASS = YES_ERROR;
				CLANG_WARN__DUPLICATE_METHOD_MATCH = YES;
				"CODE_SIGN_IDENTITY[sdk=iphoneos*]" = "iPhone Developer";
				COPY_PHASE_STRIP = YES;
				ENABLE_NS_ASSERTIONS = NO;
				GCC_C_LANGUAGE_STANDARD = gnu99;
				GCC_WARN_64_TO_32_BIT_CONVERSION = YES;
				GCC_WARN_ABOUT_RETURN_TYPE = YES_ERROR;
				GCC_WARN_UNDECLARED_SELECTOR = YES;
				GCC_WARN_UNINITIALIZED_AUTOS = YES_AGGRESSIVE;
				GCC_WARN_UNUSED_FUNCTION = YES;
				GCC_WARN_UNUSED_VARIABLE = YES;
				IPHONEOS_DEPLOYMENT_TARGET = 7.1;
				SDKROOT = iphoneos;
				VALIDATE_PRODUCT = YES;
			};
			name = Release;
		};
		1FF19C8518D231A500B5FAB2 /* Debug */ = {
			isa = XCBuildConfiguration;
			buildSettings = {
				ASSETCATALOG_COMPILER_APPICON_NAME = AppIcon;
				ASSETCATALOG_COMPILER_LAUNCHIMAGE_NAME = LaunchImage;
				GCC_PRECOMPILE_PREFIX_HEADER = YES;
				GCC_PREFIX_HEADER = "APIExplorer/APIExplorer-Prefix.pch";
				INFOPLIST_FILE = "APIExplorer/APIExplorer-Info.plist";
				PRODUCT_NAME = "$(TARGET_NAME)";
				WRAPPER_EXTENSION = app;
			};
			name = Debug;
		};
		1FF19C8618D231A500B5FAB2 /* Release */ = {
			isa = XCBuildConfiguration;
			buildSettings = {
				ASSETCATALOG_COMPILER_APPICON_NAME = AppIcon;
				ASSETCATALOG_COMPILER_LAUNCHIMAGE_NAME = LaunchImage;
				GCC_PRECOMPILE_PREFIX_HEADER = YES;
				GCC_PREFIX_HEADER = "APIExplorer/APIExplorer-Prefix.pch";
				INFOPLIST_FILE = "APIExplorer/APIExplorer-Info.plist";
				PRODUCT_NAME = "$(TARGET_NAME)";
				WRAPPER_EXTENSION = app;
			};
			name = Release;
		};
		1FF19C8818D231A500B5FAB2 /* Debug */ = {
			isa = XCBuildConfiguration;
			buildSettings = {
				BUNDLE_LOADER = "$(BUILT_PRODUCTS_DIR)/APIExplorer.app/APIExplorer";
				FRAMEWORK_SEARCH_PATHS = (
					"$(SDKROOT)/Developer/Library/Frameworks",
					"$(inherited)",
					"$(DEVELOPER_FRAMEWORKS_DIR)",
				);
				GCC_PRECOMPILE_PREFIX_HEADER = YES;
				GCC_PREFIX_HEADER = "APIExplorer/APIExplorer-Prefix.pch";
				GCC_PREPROCESSOR_DEFINITIONS = (
					"DEBUG=1",
					"$(inherited)",
				);
				INFOPLIST_FILE = "APIExplorerTests/APIExplorerTests-Info.plist";
				PRODUCT_NAME = "$(TARGET_NAME)";
				TEST_HOST = "$(BUNDLE_LOADER)";
				WRAPPER_EXTENSION = xctest;
			};
			name = Debug;
		};
		1FF19C8918D231A500B5FAB2 /* Release */ = {
			isa = XCBuildConfiguration;
			buildSettings = {
				BUNDLE_LOADER = "$(BUILT_PRODUCTS_DIR)/APIExplorer.app/APIExplorer";
				FRAMEWORK_SEARCH_PATHS = (
					"$(SDKROOT)/Developer/Library/Frameworks",
					"$(inherited)",
					"$(DEVELOPER_FRAMEWORKS_DIR)",
				);
				GCC_PRECOMPILE_PREFIX_HEADER = YES;
				GCC_PREFIX_HEADER = "APIExplorer/APIExplorer-Prefix.pch";
				INFOPLIST_FILE = "APIExplorerTests/APIExplorerTests-Info.plist";
				PRODUCT_NAME = "$(TARGET_NAME)";
				TEST_HOST = "$(BUNDLE_LOADER)";
				WRAPPER_EXTENSION = xctest;
			};
			name = Release;
		};
/* End XCBuildConfiguration section */

/* Begin XCConfigurationList section */
		1FF19C4D18D231A400B5FAB2 /* Build configuration list for PBXProject "APIExplorer" */ = {
			isa = XCConfigurationList;
			buildConfigurations = (
				1FF19C8218D231A500B5FAB2 /* Debug */,
				1FF19C8318D231A500B5FAB2 /* Release */,
			);
			defaultConfigurationIsVisible = 0;
			defaultConfigurationName = Release;
		};
		1FF19C8418D231A500B5FAB2 /* Build configuration list for PBXNativeTarget "APIExplorer" */ = {
			isa = XCConfigurationList;
			buildConfigurations = (
				1FF19C8518D231A500B5FAB2 /* Debug */,
				1FF19C8618D231A500B5FAB2 /* Release */,
			);
			defaultConfigurationIsVisible = 0;
		};
		1FF19C8718D231A500B5FAB2 /* Build configuration list for PBXNativeTarget "APIExplorerTests" */ = {
			isa = XCConfigurationList;
			buildConfigurations = (
				1FF19C8818D231A500B5FAB2 /* Debug */,
				1FF19C8918D231A500B5FAB2 /* Release */,
			);
			defaultConfigurationIsVisible = 0;
		};
/* End XCConfigurationList section */
	};
	rootObject = 1FF19C4A18D231A400B5FAB2 /* Project object */;
}
